<?xml version="1.0" encoding="utf-8"?>
<Project ToolsVersion="4.0" xmlns="http://schemas.microsoft.com/developer/msbuild/2003">
  <ItemGroup>
    <Filter Include="ソース ファイル">
      <UniqueIdentifier>{4FC737F1-C7A5-4376-A066-2A32D752A2FF}</UniqueIdentifier>
      <Extensions>cpp;c;cc;cxx;def;odl;idl;hpj;bat;asm;asmx</Extensions>
    </Filter>
    <Filter Include="ヘッダー ファイル">
      <UniqueIdentifier>{93995380-89BD-4b04-88EB-625FBE52EBFB}</UniqueIdentifier>
      <Extensions>h;hh;hpp;hxx;hm;inl;inc;ipp;xsd</Extensions>
    </Filter>
    <Filter Include="リソース ファイル">
      <UniqueIdentifier>{67DA6AB6-F800-4c08-8B7A-83BB121AAD01}</UniqueIdentifier>
      <Extensions>rc;ico;cur;bmp;dlg;rc2;rct;bin;rgs;gif;jpg;jpeg;jpe;resx;tiff;tif;png;wav;mfcribbon-ms</Extensions>
    </Filter>
    <Filter Include="ソース ファイル\window">
      <UniqueIdentifier>{3692deaf-1872-4d8c-a07e-26c6196136b0}</UniqueIdentifier>
    </Filter>
    <Filter Include="ソース ファイル\util">
      <UniqueIdentifier>{7aeefbd9-5398-49c3-8eac-6611c3946279}</UniqueIdentifier>
    </Filter>
    <Filter Include="ソース ファイル\editor">
      <UniqueIdentifier>{337f6a1c-9a1c-4759-aac5-5dc0191fb7a5}</UniqueIdentifier>
    </Filter>
    <Filter Include="ソース ファイル\midi">
      <UniqueIdentifier>{067a7a0d-34e3-40e1-aff5-c4a0720eaf2f}</UniqueIdentifier>
    </Filter>
  </ItemGroup>
  <ItemGroup>
    <ClInclude Include="stdafx.h">
      <Filter>ヘッダー ファイル</Filter>
    </ClInclude>
    <ClInclude Include="targetver.h">
      <Filter>ヘッダー ファイル</Filter>
    </ClInclude>
    <ClInclude Include="window\mainwindow.h">
      <Filter>ソース ファイル\window</Filter>
    </ClInclude>
    <ClInclude Include="window\profile.h">
      <Filter>ソース ファイル\window</Filter>
    </ClInclude>
    <ClInclude Include="window\windowbase.h">
      <Filter>ソース ファイル\window</Filter>
    </ClInclude>
    <ClInclude Include="editor\editor.h">
      <Filter>ソース ファイル\editor</Filter>
    </ClInclude>
    <ClInclude Include="editor\ToneParam.h">
      <Filter>ソース ファイル\editor</Filter>
    </ClInclude>
    <ClInclude Include="editor\voice.h">
      <Filter>ソース ファイル\editor</Filter>
    </ClInclude>
    <ClInclude Include="util\fileutil.h">
      <Filter>ソース ファイル\util</Filter>
    </ClInclude>
    <ClInclude Include="util\profile.h">
      <Filter>ソース ファイル\util</Filter>
    </ClInclude>
    <ClInclude Include="resource.h">
      <Filter>ヘッダー ファイル</Filter>
    </ClInclude>
    <ClInclude Include="FmToneEditorManager.h">
      <Filter>ヘッダー ファイル</Filter>
    </ClInclude>
    <ClInclude Include="FmToneEditorManagerInner.h">
      <Filter>ヘッダー ファイル</Filter>
    </ClInclude>
    <ClInclude Include="window\dialogbase.h">
      <Filter>ソース ファイル\window</Filter>
    </ClInclude>
    <ClInclude Include="window\toneconfirm.h">
      <Filter>ソース ファイル\window</Filter>
    </ClInclude>
    <ClInclude Include="window\toneName.h">
      <Filter>ソース ファイル\window</Filter>
    </ClInclude>
    <ClInclude Include="util\DibModule.h">
      <Filter>ソース ファイル\util</Filter>
    </ClInclude>
    <ClInclude Include="util\GraphicBase.h">
      <Filter>ソース ファイル\util</Filter>
    </ClInclude>
    <ClInclude Include="util\GraphicData.h">
      <Filter>ソース ファイル\util</Filter>
    </ClInclude>
    <ClInclude Include="midiin.h">
      <Filter>ソース ファイル\midi</Filter>
    </ClInclude>
  </ItemGroup>
  <ItemGroup>
    <ClCompile Include="stdafx.cpp">
      <Filter>ソース ファイル</Filter>
    </ClCompile>
    <ClCompile Include="dllmain.cpp">
      <Filter>ソース ファイル</Filter>
    </ClCompile>
    <ClCompile Include="window\mainwindow.cpp">
      <Filter>ソース ファイル\window</Filter>
    </ClCompile>
    <ClCompile Include="window\windowbase.cpp">
      <Filter>ソース ファイル\window</Filter>
    </ClCompile>
    <ClCompile Include="editor\editor.cpp">
      <Filter>ソース ファイル\editor</Filter>
    </ClCompile>
    <ClCompile Include="editor\ToneParam.cpp">
      <Filter>ソース ファイル\editor</Filter>
    </ClCompile>
    <ClCompile Include="util\fileutil.cpp">
      <Filter>ソース ファイル\util</Filter>
    </ClCompile>
    <ClCompile Include="util\profile.cpp">
      <Filter>ソース ファイル\util</Filter>
    </ClCompile>
    <ClCompile Include="FmToneEditorManagerInner.cpp">
      <Filter>ソース ファイル</Filter>
    </ClCompile>
    <ClCompile Include="window\dialogbase.cpp">
      <Filter>ソース ファイル\window</Filter>
    </ClCompile>
    <ClCompile Include="window\toneconfirm.cpp">
      <Filter>ソース ファイル\window</Filter>
    </ClCompile>
    <ClCompile Include="window\toneName.cpp">
      <Filter>ソース ファイル\window</Filter>
    </ClCompile>
    <ClCompile Include="util\DibModule.cpp">
      <Filter>ソース ファイル\util</Filter>
    </ClCompile>
    <ClCompile Include="util\GraphicBase.cpp">
      <Filter>ソース ファイル\util</Filter>
    </ClCompile>
    <ClCompile Include="util\GraphicData.cpp">
      <Filter>ソース ファイル\util</Filter>
    </ClCompile>
    <ClCompile Include="midiin.cpp">
      <Filter>ソース ファイル\midi</Filter>
    </ClCompile>
  </ItemGroup>
  <ItemGroup>
    <ResourceCompile Include="muplug_fmeditor.rc">
      <Filter>リソース ファイル</Filter>
    </ResourceCompile>
  </ItemGroup>
  <ItemGroup>
    <Image Include="images\font.bmp">
      <Filter>リソース ファイル</Filter>
    </Image>
    <Image Include="images\al0.bmp">
      <Filter>リソース ファイル</Filter>
    </Image>
    <Image Include="images\al1.bmp">
      <Filter>リソース ファイル</Filter>
    </Image>
    <Image Include="images\al2.bmp">
      <Filter>リソース ファイル</Filter>
    </Image>
    <Image Include="images\al3.bmp">
      <Filter>リソース ファイル</Filter>
    </Image>
    <Image Include="images\al4.bmp">
      <Filter>リソース ファイル</Filter>
    </Image>
    <Image Include="images\al5.bmp">
      <Filter>リソース ファイル</Filter>
    </Image>
    <Image Include="images\al6.bmp">
      <Filter>リソース ファイル</Filter>
    </Image>
    <Image Include="images\al7.bmp">
      <Filter>リソース ファイル</Filter>
    </Image>
    <Image Include="main.ico">
      <Filter>リソース ファイル</Filter>
    </Image>
  </ItemGroup>
</Project>