
Microsoft Visual Studio Solution File, Format Version 12.00
# Visual Studio 15
VisualStudioVersion = 15.0.28307.271
MinimumVisualStudioVersion = 10.0.40219.1
Project("{8BC9CEB8-8B4A-11D0-8D11-00A0C91BC942}") = "muplug_test", "muplug_test.vcxproj", "{356DCF99-2D8A-4047-8BA2-0E3693CA2558}"
EndProject
Global
	GlobalSection(SolutionConfigurationPlatforms) = preSolution
		Debug|x64 = Debug|x64
		Debug|x86 = Debug|x86
		Release|x64 = Release|x64
		Release|x86 = Release|x86
	EndGlobalSection
	GlobalSection(ProjectConfigurationPlatforms) = postSolution
		{356DCF99-2D8A-4047-8BA2-0E3693CA2558}.Debug|x64.ActiveCfg = Debug|x64
		{356DCF99-2D8A-4047-8BA2-0E3693CA2558}.Debug|x64.Build.0 = Debug|x64
		{356DCF99-2D8A-4047-8BA2-0E3693CA2558}.Debug|x86.ActiveCfg = Debug|Win32
		{356DCF99-2D8A-4047-8BA2-0E3693CA2558}.Debug|x86.Build.0 = Debug|Win32
		{356DCF99-2D8A-4047-8BA2-0E3693CA2558}.Release|x64.ActiveCfg = Release|x64
		{356DCF99-2D8A-4047-8BA2-0E3693CA2558}.Release|x64.Build.0 = Release|x64
		{356DCF99-2D8A-4047-8BA2-0E3693CA2558}.Release|x86.ActiveCfg = Release|Win32
		{356DCF99-2D8A-4047-8BA2-0E3693CA2558}.Release|x86.Build.0 = Release|Win32
	EndGlobalSection
	GlobalSection(SolutionProperties) = preSolution
		HideSolutionNode = FALSE
	EndGlobalSection
	GlobalSection(ExtensibilityGlobals) = postSolution
		SolutionGuid = {88821FC9-F18A-49C8-A8D5-656E2358F4FB}
	EndGlobalSection
EndGlobal
